{
  "name": "copywriter portfolio",
  "version": "1.0.0",
  "lockfileVersion": 2,
  "requires": true,
  "packages": {
    "": {
      "name": "copywriter portfolio",
      "version": "1.0.0",
      "license": "None",
      "dependencies": {
        "@bprcode/handy": "^0.3.3"
      }
    },
    "node_modules/@bprcode/handy": {
      "version": "0.3.3",
      "resolved": "https://registry.npmjs.org/@bprcode/handy/-/handy-0.3.3.tgz",
      "integrity": "sha512-g5+vmyMsG2QcBjkpFCetTSAwQrbxTpde6ywlePfj8d+nVd2sewx8OVXDBPUe2EgzHceQ12anzn1eG40TfNgBgA=="
    }
  },
  "dependencies": {
    "@bprcode/handy": {
      "version": "0.3.3",
      "resolved": "https://registry.npmjs.org/@bprcode/handy/-/handy-0.3.3.tgz",
      "integrity": "sha512-g5+vmyMsG2QcBjkpFCetTSAwQrbxTpde6ywlePfj8d+nVd2sewx8OVXDBPUe2EgzHceQ12anzn1eG40TfNgBgA=="
    }
  }
}
